
Microsoft Visual Studio Solution File, Format Version 12.00
# Visual Studio Version 16
VisualStudioVersion = 16.0.30114.105
MinimumVisualStudioVersion = 10.0.40219.1
Project("{FAE04EC0-301F-11D3-BF4B-00C04F79EFBC}") = "semafor", "semafor\semafor.csproj", "{9034347C-048A-4545-B3EC-520FCFC3C535}"
EndProject
Project("{FAE04EC0-301F-11D3-BF4B-00C04F79EFBC}") = "palindrom", "palindrom\palindrom.csproj", "{C2F82C09-D5AE-4CDD-9802-4D1FD39A69F6}"
EndProject
Global
	GlobalSection(SolutionConfigurationPlatforms) = preSolution
		Debug|Any CPU = Debug|Any CPU
		Release|Any CPU = Release|Any CPU
	EndGlobalSection
	GlobalSection(SolutionProperties) = preSolution
		HideSolutionNode = FALSE
	EndGlobalSection
	GlobalSection(ProjectConfigurationPlatforms) = postSolution
		{9034347C-048A-4545-B3EC-520FCFC3C535}.Debug|Any CPU.ActiveCfg = Debug|Any CPU
		{9034347C-048A-4545-B3EC-520FCFC3C535}.Debug|Any CPU.Build.0 = Debug|Any CPU
		{9034347C-048A-4545-B3EC-520FCFC3C535}.Release|Any CPU.ActiveCfg = Release|Any CPU
		{9034347C-048A-4545-B3EC-520FCFC3C535}.Release|Any CPU.Build.0 = Release|Any CPU
		{C2F82C09-D5AE-4CDD-9802-4D1FD39A69F6}.Debug|Any CPU.ActiveCfg = Debug|Any CPU
		{C2F82C09-D5AE-4CDD-9802-4D1FD39A69F6}.Debug|Any CPU.Build.0 = Debug|Any CPU
		{C2F82C09-D5AE-4CDD-9802-4D1FD39A69F6}.Release|Any CPU.ActiveCfg = Release|Any CPU
		{C2F82C09-D5AE-4CDD-9802-4D1FD39A69F6}.Release|Any CPU.Build.0 = Release|Any CPU
	EndGlobalSection
EndGlobal
